
Microsoft Visual Studio Solution File, Format Version 12.00
# Visual Studio Version 16
VisualStudioVersion = 16.0.29418.71
MinimumVisualStudioVersion = 10.0.40219.1
Project("{FAE04EC0-301F-11D3-BF4B-00C04F79EFBC}") = "TrashCollection", "TrashCollection\TrashCollection.csproj", "{8473366E-274C-49FF-8E4A-C9099D59FA7D}"
EndProject
Global
	GlobalSection(SolutionConfigurationPlatforms) = preSolution
		Debug|Any CPU = Debug|Any CPU
		Release|Any CPU = Release|Any CPU
	EndGlobalSection
	GlobalSection(ProjectConfigurationPlatforms) = postSolution
		{8473366E-274C-49FF-8E4A-C9099D59FA7D}.Debug|Any CPU.ActiveCfg = Debug|Any CPU
		{8473366E-274C-49FF-8E4A-C9099D59FA7D}.Debug|Any CPU.Build.0 = Debug|Any CPU
		{8473366E-274C-49FF-8E4A-C9099D59FA7D}.Release|Any CPU.ActiveCfg = Release|Any CPU
		{8473366E-274C-49FF-8E4A-C9099D59FA7D}.Release|Any CPU.Build.0 = Release|Any CPU
	EndGlobalSection
	GlobalSection(SolutionProperties) = preSolution
		HideSolutionNode = FALSE
	EndGlobalSection
	GlobalSection(ExtensibilityGlobals) = postSolution
		SolutionGuid = {522873A5-7021-4AB8-BC0E-306533AA7949}
	EndGlobalSection
EndGlobal
